// !$*UTF8*$!
{
	archiveVersion = 1;
	classes = {
	};
	objectVersion = 46;
	objects = {

/* Begin PBXBuildFile section */
		C2BB17BD1966375900A23D94 /* Foundation.framework in Frameworks */ = {isa = PBXBuildFile; fileRef = C2BB17BC1966375900A23D94 /* Foundation.framework */; };
		C2BB17BF1966375900A23D94 /* CoreGraphics.framework in Frameworks */ = {isa = PBXBuildFile; fileRef = C2BB17BE1966375900A23D94 /* CoreGraphics.framework */; };
		C2BB17C11966375900A23D94 /* UIKit.framework in Frameworks */ = {isa = PBXBuildFile; fileRef = C2BB17C01966375900A23D94 /* UIKit.framework */; };
		C2BB17C71966375900A23D94 /* InfoPlist.strings in Resources */ = {isa = PBXBuildFile; fileRef = C2BB17C51966375900A23D94 /* InfoPlist.strings */; };
		C2BB17C91966375900A23D94 /* main.m in Sources */ = {isa = PBXBuildFile; fileRef = C2BB17C81966375900A23D94 /* main.m */; };
		C2BB17CD1966375900A23D94 /* AppDelegate.m in Sources */ = {isa = PBXBuildFile; fileRef = C2BB17CC1966375900A23D94 /* AppDelegate.m */; };
		C2BB17CF1966375900A23D94 /* Images.xcassets in Resources */ = {isa = PBXBuildFile; fileRef = C2BB17CE1966375900A23D94 /* Images.xcassets */; };
		C2BB17D61966375900A23D94 /* XCTest.framework in Frameworks */ = {isa = PBXBuildFile; fileRef = C2BB17D51966375900A23D94 /* XCTest.framework */; };
		C2BB17D71966375900A23D94 /* Foundation.framework in Frameworks */ = {isa = PBXBuildFile; fileRef = C2BB17BC1966375900A23D94 /* Foundation.framework */; };
		C2BB17D81966375900A23D94 /* UIKit.framework in Frameworks */ = {isa = PBXBuildFile; fileRef = C2BB17C01966375900A23D94 /* UIKit.framework */; };
		C2BB17E01966375900A23D94 /* InfoPlist.strings in Resources */ = {isa = PBXBuildFile; fileRef = C2BB17DE1966375900A23D94 /* InfoPlist.strings */; };
		C2BB17E21966375900A23D94 /* SimpleCodeConstraintTests.m in Sources */ = {isa = PBXBuildFile; fileRef = C2BB17E11966375900A23D94 /* SimpleCodeConstraintTests.m */; };
		C2BB17ED1966378300A23D94 /* ViewController.m in Sources */ = {isa = PBXBuildFile; fileRef = C2BB17EC1966378300A23D94 /* ViewController.m */; };
/* End PBXBuildFile section */

/* Begin PBXContainerItemProxy section */
		C2BB17D91966375900A23D94 /* PBXContainerItemProxy */ = {
			isa = PBXContainerItemProxy;
			containerPortal = C2BB17B11966375900A23D94 /* Project object */;
			proxyType = 1;
			remoteGlobalIDString = C2BB17B81966375900A23D94;
			remoteInfo = SimpleCodeConstraint;
		};
/* End PBXContainerItemProxy section */

/* Begin PBXFileReference section */
		C2BB17B91966375900A23D94 /* SimpleCodeConstraint.app */ = {isa = PBXFileReference; explicitFileType = wrapper.application; includeInIndex = 0; path = SimpleCodeConstraint.app; sourceTree = BUILT_PRODUCTS_DIR; };
		C2BB17BC1966375900A23D94 /* Foundation.framework */ = {isa = PBXFileReference; lastKnownFileType = wrapper.framework; name = Foundation.framework; path = System/Library/Frameworks/Foundation.framework; sourceTree = SDKROOT; };
		C2BB17BE1966375900A23D94 /* CoreGraphics.framework */ = {isa = PBXFileReference; lastKnownFileType = wrapper.framework; name = CoreGraphics.framework; path = System/Library/Frameworks/CoreGraphics.framework; sourceTree = SDKROOT; };
		C2BB17C01966375900A23D94 /* UIKit.framework */ = {isa = PBXFileReference; lastKnownFileType = wrapper.framework; name = UIKit.framework; path = System/Library/Frameworks/UIKit.framework; sourceTree = SDKROOT; };
		C2BB17C41966375900A23D94 /* SimpleCodeConstraint-Info.plist */ = {isa = PBXFileReference; lastKnownFileType = text.plist.xml; path = "SimpleCodeConstraint-Info.plist"; sourceTree = "<group>"; };
		C2BB17C61966375900A23D94 /* en */ = {isa = PBXFileReference; lastKnownFileType = text.plist.strings; name = en; path = en.lproj/InfoPlist.strings; sourceTree = "<group>"; };
		C2BB17C81966375900A23D94 /* main.m */ = {isa = PBXFileReference; lastKnownFileType = sourcecode.c.objc; path = main.m; sourceTree = "<group>"; };
		C2BB17CA1966375900A23D94 /* SimpleCodeConstraint-Prefix.pch */ = {isa = PBXFileReference; lastKnownFileType = sourcecode.c.h; path = "SimpleCodeConstraint-Prefix.pch"; sourceTree = "<group>"; };
		C2BB17CB1966375900A23D94 /* AppDelegate.h */ = {isa = PBXFileReference; lastKnownFileType = sourcecode.c.h; path = AppDelegate.h; sourceTree = "<group>"; };
		C2BB17CC1966375900A23D94 /* AppDelegate.m */ = {isa = PBXFileReference; lastKnownFileType = sourcecode.c.objc; path = AppDelegate.m; sourceTree = "<group>"; };
		C2BB17CE1966375900A23D94 /* Images.xcassets */ = {isa = PBXFileReference; lastKnownFileType = folder.assetcatalog; path = Images.xcassets; sourceTree = "<group>"; };
		C2BB17D41966375900A23D94 /* SimpleCodeConstraintTests.xctest */ = {isa = PBXFileReference; explicitFileType = wrapper.cfbundle; includeInIndex = 0; path = SimpleCodeConstraintTests.xctest; sourceTree = BUILT_PRODUCTS_DIR; };
		C2BB17D51966375900A23D94 /* XCTest.framework */ = {isa = PBXFileReference; lastKnownFileType = wrapper.framework; name = XCTest.framework; path = Library/Frameworks/XCTest.framework; sourceTree = DEVELOPER_DIR; };
		C2BB17DD1966375900A23D94 /* SimpleCodeConstraintTests-Info.plist */ = {isa = PBXFileReference; lastKnownFileType = text.plist.xml; path = "SimpleCodeConstraintTests-Info.plist"; sourceTree = "<group>"; };
		C2BB17DF1966375900A23D94 /* en */ = {isa = PBXFileReference; lastKnownFileType = text.plist.strings; name = en; path = en.lproj/InfoPlist.strings; sourceTree = "<group>"; };
		C2BB17E11966375900A23D94 /* SimpleCodeConstraintTests.m */ = {isa = PBXFileReference; lastKnownFileType = sourcecode.c.objc; path = SimpleCodeConstraintTests.m; sourceTree = "<group>"; };
		C2BB17EB1966378300A23D94 /* ViewController.h */ = {isa = PBXFileReference; fileEncoding = 4; lastKnownFileType = sourcecode.c.h; path = ViewController.h; sourceTree = "<group>"; };
		C2BB17EC1966378300A23D94 /* ViewController.m */ = {isa = PBXFileReference; fileEncoding = 4; lastKnownFileType = sourcecode.c.objc; path = ViewController.m; sourceTree = "<group>"; };
/* End PBXFileReference section */

/* Begin PBXFrameworksBuildPhase section */
		C2BB17B61966375900A23D94 /* Frameworks */ = {
			isa = PBXFrameworksBuildPhase;
			buildActionMask = 2147483647;
			files = (
				C2BB17BF1966375900A23D94 /* CoreGraphics.framework in Frameworks */,
				C2BB17C11966375900A23D94 /* UIKit.framework in Frameworks */,
				C2BB17BD1966375900A23D94 /* Foundation.framework in Frameworks */,
			);
			runOnlyForDeploymentPostprocessing = 0;
		};
		C2BB17D11966375900A23D94 /* Frameworks */ = {
			isa = PBXFrameworksBuildPhase;
			buildActionMask = 2147483647;
			files = (
				C2BB17D61966375900A23D94 /* XCTest.framework in Frameworks */,
				C2BB17D81966375900A23D94 /* UIKit.framework in Frameworks */,
				C2BB17D71966375900A23D94 /* Foundation.framework in Frameworks */,
			);
			runOnlyForDeploymentPostprocessing = 0;
		};
/* End PBXFrameworksBuildPhase section */

/* Begin PBXGroup section */
		C2BB17B01966375900A23D94 = {
			isa = PBXGroup;
			children = (
				C2BB17C21966375900A23D94 /* SimpleCodeConstraint */,
				C2BB17DB1966375900A23D94 /* SimpleCodeConstraintTests */,
				C2BB17BB1966375900A23D94 /* Frameworks */,
				C2BB17BA1966375900A23D94 /* Products */,
			);
			sourceTree = "<group>";
		};
		C2BB17BA1966375900A23D94 /* Products */ = {
			isa = PBXGroup;
			children = (
				C2BB17B91966375900A23D94 /* SimpleCodeConstraint.app */,
				C2BB17D41966375900A23D94 /* SimpleCodeConstraintTests.xctest */,
			);
			name = Products;
			sourceTree = "<group>";
		};
		C2BB17BB1966375900A23D94 /* Frameworks */ = {
			isa = PBXGroup;
			children = (
				C2BB17BC1966375900A23D94 /* Foundation.framework */,
				C2BB17BE1966375900A23D94 /* CoreGraphics.framework */,
				C2BB17C01966375900A23D94 /* UIKit.framework */,
				C2BB17D51966375900A23D94 /* XCTest.framework */,
			);
			name = Frameworks;
			sourceTree = "<group>";
		};
		C2BB17C21966375900A23D94 /* SimpleCodeConstraint */ = {
			isa = PBXGroup;
			children = (
				C2BB17CB1966375900A23D94 /* AppDelegate.h */,
				C2BB17CC1966375900A23D94 /* AppDelegate.m */,
				C2BB17EB1966378300A23D94 /* ViewController.h */,
				C2BB17EC1966378300A23D94 /* ViewController.m */,
				C2BB17CE1966375900A23D94 /* Images.xcassets */,
				C2BB17C31966375900A23D94 /* Supporting Files */,
			);
			path = SimpleCodeConstraint;
			sourceTree = "<group>";
		};
		C2BB17C31966375900A23D94 /* Supporting Files */ = {
			isa = PBXGroup;
			children = (
				C2BB17C41966375900A23D94 /* SimpleCodeConstraint-Info.plist */,
				C2BB17C51966375900A23D94 /* InfoPlist.strings */,
				C2BB17C81966375900A23D94 /* main.m */,
				C2BB17CA1966375900A23D94 /* SimpleCodeConstraint-Prefix.pch */,
			);
			name = "Supporting Files";
			sourceTree = "<group>";
		};
		C2BB17DB1966375900A23D94 /* SimpleCodeConstraintTests */ = {
			isa = PBXGroup;
			children = (
				C2BB17E11966375900A23D94 /* SimpleCodeConstraintTests.m */,
				C2BB17DC1966375900A23D94 /* Supporting Files */,
			);
			path = SimpleCodeConstraintTests;
			sourceTree = "<group>";
		};
		C2BB17DC1966375900A23D94 /* Supporting Files */ = {
			isa = PBXGroup;
			children = (
				C2BB17DD1966375900A23D94 /* SimpleCodeConstraintTests-Info.plist */,
				C2BB17DE1966375900A23D94 /* InfoPlist.strings */,
			);
			name = "Supporting Files";
			sourceTree = "<group>";
		};
/* End PBXGroup section */

/* Begin PBXNativeTarget section */
		C2BB17B81966375900A23D94 /* SimpleCodeConstraint */ = {
			isa = PBXNativeTarget;
			buildConfigurationList = C2BB17E51966375900A23D94 /* Build configuration list for PBXNativeTarget "SimpleCodeConstraint" */;
			buildPhases = (
				C2BB17B51966375900A23D94 /* Sources */,
				C2BB17B61966375900A23D94 /* Frameworks */,
				C2BB17B71966375900A23D94 /* Resources */,
			);
			buildRules = (
			);
			dependencies = (
			);
			name = SimpleCodeConstraint;
			productName = SimpleCodeConstraint;
			productReference = C2BB17B91966375900A23D94 /* SimpleCodeConstraint.app */;
			productType = "com.apple.product-type.application";
		};
		C2BB17D31966375900A23D94 /* SimpleCodeConstraintTests */ = {
			isa = PBXNativeTarget;
			buildConfigurationList = C2BB17E81966375900A23D94 /* Build configuration list for PBXNativeTarget "SimpleCodeConstraintTests" */;
			buildPhases = (
				C2BB17D01966375900A23D94 /* Sources */,
				C2BB17D11966375900A23D94 /* Frameworks */,
				C2BB17D21966375900A23D94 /* Resources */,
			);
			buildRules = (
			);
			dependencies = (
				C2BB17DA1966375900A23D94 /* PBXTargetDependency */,
			);
			name = SimpleCodeConstraintTests;
			productName = SimpleCodeConstraintTests;
			productReference = C2BB17D41966375900A23D94 /* SimpleCodeConstraintTests.xctest */;
			productType = "com.apple.product-type.bundle.unit-test";
		};
/* End PBXNativeTarget section */

/* Begin PBXProject section */
		C2BB17B11966375900A23D94 /* Project object */ = {
			isa = PBXProject;
			attributes = {
				LastUpgradeCheck = 0510;
				ORGANIZATIONNAME = Perrychen;
				TargetAttributes = {
					C2BB17D31966375900A23D94 = {
						TestTargetID = C2BB17B81966375900A23D94;
					};
				};
			};
			buildConfigurationList = C2BB17B41966375900A23D94 /* Build configuration list for PBXProject "SimpleCodeConstraint" */;
			compatibilityVersion = "Xcode 3.2";
			developmentRegion = English;
			hasScannedForEncodings = 0;
			knownRegions = (
				en,
			);
			mainGroup = C2BB17B01966375900A23D94;
			productRefGroup = C2BB17BA1966375900A23D94 /* Products */;
			projectDirPath = "";
			projectRoot = "";
			targets = (
				C2BB17B81966375900A23D94 /* SimpleCodeConstraint */,
				C2BB17D31966375900A23D94 /* SimpleCodeConstraintTests */,
			);
		};
/* End PBXProject section */

/* Begin PBXResourcesBuildPhase section */
		C2BB17B71966375900A23D94 /* Resources */ = {
			isa = PBXResourcesBuildPhase;
			buildActionMask = 2147483647;
			files = (
				C2BB17C71966375900A23D94 /* InfoPlist.strings in Resources */,
				C2BB17CF1966375900A23D94 /* Images.xcassets in Resources */,
			);
			runOnlyForDeploymentPostprocessing = 0;
		};
		C2BB17D21966375900A23D94 /* Resources */ = {
			isa = PBXResourcesBuildPhase;
			buildActionMask = 2147483647;
			files = (
				C2BB17E01966375900A23D94 /* InfoPlist.strings in Resources */,
			);
			runOnlyForDeploymentPostprocessing = 0;
		};
/* End PBXResourcesBuildPhase section */

/* Begin PBXSourcesBuildPhase section */
		C2BB17B51966375900A23D94 /* Sources */ = {
			isa = PBXSourcesBuildPhase;
			buildActionMask = 2147483647;
			files = (
				C2BB17ED1966378300A23D94 /* ViewController.m in Sources */,
				C2BB17CD1966375900A23D94 /* AppDelegate.m in Sources */,
				C2BB17C91966375900A23D94 /* main.m in Sources */,
			);
			runOnlyForDeploymentPostprocessing = 0;
		};
		C2BB17D01966375900A23D94 /* Sources */ = {
			isa = PBXSourcesBuildPhase;
			buildActionMask = 2147483647;
			files = (
				C2BB17E21966375900A23D94 /* SimpleCodeConstraintTests.m in Sources */,
			);
			runOnlyForDeploymentPostprocessing = 0;
		};
/* End PBXSourcesBuildPhase section */

/* Begin PBXTargetDependency section */
		C2BB17DA1966375900A23D94 /* PBXTargetDependency */ = {
			isa = PBXTargetDependency;
			target = C2BB17B81966375900A23D94 /* SimpleCodeConstraint */;
			targetProxy = C2BB17D91966375900A23D94 /* PBXContainerItemProxy */;
		};
/* End PBXTargetDependency section */

/* Begin PBXVariantGroup section */
		C2BB17C51966375900A23D94 /* InfoPlist.strings */ = {
			isa = PBXVariantGroup;
			children = (
				C2BB17C61966375900A23D94 /* en */,
			);
			name = InfoPlist.strings;
			sourceTree = "<group>";
		};
		C2BB17DE1966375900A23D94 /* InfoPlist.strings */ = {
			isa = PBXVariantGroup;
			children = (
				C2BB17DF1966375900A23D94 /* en */,
			);
			name = InfoPlist.strings;
			sourceTree = "<group>";
		};
/* End PBXVariantGroup section */

/* Begin XCBuildConfiguration section */
		C2BB17E31966375900A23D94 /* Debug */ = {
			isa = XCBuildConfiguration;
			buildSettings = {
				ALWAYS_SEARCH_USER_PATHS = NO;
				CLANG_CXX_LANGUAGE_STANDARD = "gnu++0x";
				CLANG_CXX_LIBRARY = "libc++";
				CLANG_ENABLE_MODULES = YES;
				CLANG_ENABLE_OBJC_ARC = YES;
				CLANG_WARN_BOOL_CONVERSION = YES;
				CLANG_WARN_CONSTANT_CONVERSION = YES;
				CLANG_WARN_DIRECT_OBJC_ISA_USAGE = YES_ERROR;
				CLANG_WARN_EMPTY_BODY = YES;
				CLANG_WARN_ENUM_CONVERSION = YES;
				CLANG_WARN_INT_CONVERSION = YES;
				CLANG_WARN_OBJC_ROOT_CLASS = YES_ERROR;
				CLANG_WARN__DUPLICATE_METHOD_MATCH = YES;
				"CODE_SIGN_IDENTITY[sdk=iphoneos*]" = "iPhone Developer";
				COPY_PHASE_STRIP = NO;
				GCC_C_LANGUAGE_STANDARD = gnu99;
				GCC_DYNAMIC_NO_PIC = NO;
				GCC_OPTIMIZATION_LEVEL = 0;
				GCC_PREPROCESSOR_DEFINITIONS = (
					"DEBUG=1",
					"$(inherited)",
				);
				GCC_SYMBOLS_PRIVATE_EXTERN = NO;
				GCC_WARN_64_TO_32_BIT_CONVERSION = YES;
				GCC_WARN_ABOUT_RETURN_TYPE = YES_ERROR;
				GCC_WARN_UNDECLARED_SELECTOR = YES;
				GCC_WARN_UNINITIALIZED_AUTOS = YES_AGGRESSIVE;
				GCC_WARN_UNUSED_FUNCTION = YES;
				GCC_WARN_UNUSED_VARIABLE = YES;
				IPHONEOS_DEPLOYMENT_TARGET = 7.1;
				ONLY_ACTIVE_ARCH = YES;
				SDKROOT = iphoneos;
			};
			name = Debug;
		};
		C2BB17E41966375900A23D94 /* Release */ = {
			isa = XCBuildConfiguration;
			buildSettings = {
				ALWAYS_SEARCH_USER_PATHS = NO;
				CLANG_CXX_LANGUAGE_STANDARD = "gnu++0x";
				CLANG_CXX_LIBRARY = "libc++";
				CLANG_ENABLE_MODULES = YES;
				CLANG_ENABLE_OBJC_ARC = YES;
				CLANG_WARN_BOOL_CONVERSION = YES;
				CLANG_WARN_CONSTANT_CONVERSION = YES;
				CLANG_WARN_DIRECT_OBJC_ISA_USAGE = YES_ERROR;
				CLANG_WARN_EMPTY_BODY = YES;
				CLANG_WARN_ENUM_CONVERSION = YES;
				CLANG_WARN_INT_CONVERSION = YES;
				CLANG_WARN_OBJC_ROOT_CLASS = YES_ERROR;
				CLANG_WARN__DUPLICATE_METHOD_MATCH = YES;
				"CODE_SIGN_IDENTITY[sdk=iphoneos*]" = "iPhone Developer";
				COPY_PHASE_STRIP = YES;
				ENABLE_NS_ASSERTIONS = NO;
				GCC_C_LANGUAGE_STANDARD = gnu99;
				GCC_WARN_64_TO_32_BIT_CONVERSION = YES;
				GCC_WARN_ABOUT_RETURN_TYPE = YES_ERROR;
				GCC_WARN_UNDECLARED_SELECTOR = YES;
				GCC_WARN_UNINITIALIZED_AUTOS = YES_AGGRESSIVE;
				GCC_WARN_UNUSED_FUNCTION = YES;
				GCC_WARN_UNUSED_VARIABLE = YES;
				IPHONEOS_DEPLOYMENT_TARGET = 7.1;
				SDKROOT = iphoneos;
				VALIDATE_PRODUCT = YES;
			};
			name = Release;
		};
		C2BB17E61966375900A23D94 /* Debug */ = {
			isa = XCBuildConfiguration;
			buildSettings = {
				ASSETCATALOG_COMPILER_APPICON_NAME = AppIcon;
				ASSETCATALOG_COMPILER_LAUNCHIMAGE_NAME = LaunchImage;
				GCC_PRECOMPILE_PREFIX_HEADER = YES;
				GCC_PREFIX_HEADER = "SimpleCodeConstraint/SimpleCodeConstraint-Prefix.pch";
				INFOPLIST_FILE = "SimpleCodeConstraint/SimpleCodeConstraint-Info.plist";
				IPHONEOS_DEPLOYMENT_TARGET = 6.1;
				PRODUCT_NAME = "$(TARGET_NAME)";
				WRAPPER_EXTENSION = app;
			};
			name = Debug;
		};
		C2BB17E71966375900A23D94 /* Release */ = {
			isa = XCBuildConfiguration;
			buildSettings = {
				ASSETCATALOG_COMPILER_APPICON_NAME = AppIcon;
				ASSETCATALOG_COMPILER_LAUNCHIMAGE_NAME = LaunchImage;
				GCC_PRECOMPILE_PREFIX_HEADER = YES;
				GCC_PREFIX_HEADER = "SimpleCodeConstraint/SimpleCodeConstraint-Prefix.pch";
				INFOPLIST_FILE = "SimpleCodeConstraint/SimpleCodeConstraint-Info.plist";
				IPHONEOS_DEPLOYMENT_TARGET = 6.1;
				PRODUCT_NAME = "$(TARGET_NAME)";
				WRAPPER_EXTENSION = app;
			};
			name = Release;
		};
		C2BB17E91966375900A23D94 /* Debug */ = {
			isa = XCBuildConfiguration;
			buildSettings = {
				BUNDLE_LOADER = "$(BUILT_PRODUCTS_DIR)/SimpleCodeConstraint.app/SimpleCodeConstraint";
				FRAMEWORK_SEARCH_PATHS = (
					"$(SDKROOT)/Developer/Library/Frameworks",
					"$(inherited)",
					"$(DEVELOPER_FRAMEWORKS_DIR)",
				);
				GCC_PRECOMPILE_PREFIX_HEADER = YES;
				GCC_PREFIX_HEADER = "SimpleCodeConstraint/SimpleCodeConstraint-Prefix.pch";
				GCC_PREPROCESSOR_DEFINITIONS = (
					"DEBUG=1",
					"$(inherited)",
				);
				INFOPLIST_FILE = "SimpleCodeConstraintTests/SimpleCodeConstraintTests-Info.plist";
				PRODUCT_NAME = "$(TARGET_NAME)";
				TEST_HOST = "$(BUNDLE_LOADER)";
				WRAPPER_EXTENSION = xctest;
			};
			name = Debug;
		};
		C2BB17EA1966375900A23D94 /* Release */ = {
			isa = XCBuildConfiguration;
			buildSettings = {
				BUNDLE_LOADER = "$(BUILT_PRODUCTS_DIR)/SimpleCodeConstraint.app/SimpleCodeConstraint";
				FRAMEWORK_SEARCH_PATHS = (
					"$(SDKROOT)/Developer/Library/Frameworks",
					"$(inherited)",
					"$(DEVELOPER_FRAMEWORKS_DIR)",
				);
				GCC_PRECOMPILE_PREFIX_HEADER = YES;
				GCC_PREFIX_HEADER = "SimpleCodeConstraint/SimpleCodeConstraint-Prefix.pch";
				INFOPLIST_FILE = "SimpleCodeConstraintTests/SimpleCodeConstraintTests-Info.plist";
				PRODUCT_NAME = "$(TARGET_NAME)";
				TEST_HOST = "$(BUNDLE_LOADER)";
				WRAPPER_EXTENSION = xctest;
			};
			name = Release;
		};
/* End XCBuildConfiguration section */

/* Begin XCConfigurationList section */
		C2BB17B41966375900A23D94 /* Build configuration list for PBXProject "SimpleCodeConstraint" */ = {
			isa = XCConfigurationList;
			buildConfigurations = (
				C2BB17E31966375900A23D94 /* Debug */,
				C2BB17E41966375900A23D94 /* Release */,
			);
			defaultConfigurationIsVisible = 0;
			defaultConfigurationName = Release;
		};
		C2BB17E51966375900A23D94 /* Build configuration list for PBXNativeTarget "SimpleCodeConstraint" */ = {
			isa = XCConfigurationList;
			buildConfigurations = (
				C2BB17E61966375900A23D94 /* Debug */,
				C2BB17E71966375900A23D94 /* Release */,
			);
			defaultConfigurationIsVisible = 0;
		};
		C2BB17E81966375900A23D94 /* Build configuration list for PBXNativeTarget "SimpleCodeConstraintTests" */ = {
			isa = XCConfigurationList;
			buildConfigurations = (
				C2BB17E91966375900A23D94 /* Debug */,
				C2BB17EA1966375900A23D94 /* Release */,
			);
			defaultConfigurationIsVisible = 0;
		};
/* End XCConfigurationList section */
	};
	rootObject = C2BB17B11966375900A23D94 /* Project object */;
}
