// !$*UTF8*$!
{
	archiveVersion = 1;
	classes = {
	};
	objectVersion = 46;
	objects = {

/* Begin PBXBuildFile section */
		C274472119624F630069D1C2 /* Foundation.framework in Frameworks */ = {isa = PBXBuildFile; fileRef = C274472019624F630069D1C2 /* Foundation.framework */; };
		C274472319624F630069D1C2 /* CoreGraphics.framework in Frameworks */ = {isa = PBXBuildFile; fileRef = C274472219624F630069D1C2 /* CoreGraphics.framework */; };
		C274472519624F630069D1C2 /* UIKit.framework in Frameworks */ = {isa = PBXBuildFile; fileRef = C274472419624F630069D1C2 /* UIKit.framework */; };
		C274472B19624F630069D1C2 /* InfoPlist.strings in Resources */ = {isa = PBXBuildFile; fileRef = C274472919624F630069D1C2 /* InfoPlist.strings */; };
		C274472D19624F630069D1C2 /* main.m in Sources */ = {isa = PBXBuildFile; fileRef = C274472C19624F630069D1C2 /* main.m */; };
		C274473119624F630069D1C2 /* AppDelegate.m in Sources */ = {isa = PBXBuildFile; fileRef = C274473019624F630069D1C2 /* AppDelegate.m */; };
		C274473419624F630069D1C2 /* Main.storyboard in Resources */ = {isa = PBXBuildFile; fileRef = C274473219624F630069D1C2 /* Main.storyboard */; };
		C274473719624F640069D1C2 /* ViewController.m in Sources */ = {isa = PBXBuildFile; fileRef = C274473619624F640069D1C2 /* ViewController.m */; };
		C274473919624F640069D1C2 /* Images.xcassets in Resources */ = {isa = PBXBuildFile; fileRef = C274473819624F640069D1C2 /* Images.xcassets */; };
		C274474019624F640069D1C2 /* XCTest.framework in Frameworks */ = {isa = PBXBuildFile; fileRef = C274473F19624F640069D1C2 /* XCTest.framework */; };
		C274474119624F640069D1C2 /* Foundation.framework in Frameworks */ = {isa = PBXBuildFile; fileRef = C274472019624F630069D1C2 /* Foundation.framework */; };
		C274474219624F640069D1C2 /* UIKit.framework in Frameworks */ = {isa = PBXBuildFile; fileRef = C274472419624F630069D1C2 /* UIKit.framework */; };
		C274474A19624F640069D1C2 /* InfoPlist.strings in Resources */ = {isa = PBXBuildFile; fileRef = C274474819624F640069D1C2 /* InfoPlist.strings */; };
		C274474C19624F640069D1C2 /* ConstraintsTests.m in Sources */ = {isa = PBXBuildFile; fileRef = C274474B19624F640069D1C2 /* ConstraintsTests.m */; };
/* End PBXBuildFile section */

/* Begin PBXContainerItemProxy section */
		C274474319624F640069D1C2 /* PBXContainerItemProxy */ = {
			isa = PBXContainerItemProxy;
			containerPortal = C274471519624F630069D1C2 /* Project object */;
			proxyType = 1;
			remoteGlobalIDString = C274471C19624F630069D1C2;
			remoteInfo = Constraints;
		};
/* End PBXContainerItemProxy section */

/* Begin PBXFileReference section */
		C274471D19624F630069D1C2 /* Constraints.app */ = {isa = PBXFileReference; explicitFileType = wrapper.application; includeInIndex = 0; path = Constraints.app; sourceTree = BUILT_PRODUCTS_DIR; };
		C274472019624F630069D1C2 /* Foundation.framework */ = {isa = PBXFileReference; lastKnownFileType = wrapper.framework; name = Foundation.framework; path = System/Library/Frameworks/Foundation.framework; sourceTree = SDKROOT; };
		C274472219624F630069D1C2 /* CoreGraphics.framework */ = {isa = PBXFileReference; lastKnownFileType = wrapper.framework; name = CoreGraphics.framework; path = System/Library/Frameworks/CoreGraphics.framework; sourceTree = SDKROOT; };
		C274472419624F630069D1C2 /* UIKit.framework */ = {isa = PBXFileReference; lastKnownFileType = wrapper.framework; name = UIKit.framework; path = System/Library/Frameworks/UIKit.framework; sourceTree = SDKROOT; };
		C274472819624F630069D1C2 /* Constraints-Info.plist */ = {isa = PBXFileReference; lastKnownFileType = text.plist.xml; path = "Constraints-Info.plist"; sourceTree = "<group>"; };
		C274472A19624F630069D1C2 /* en */ = {isa = PBXFileReference; lastKnownFileType = text.plist.strings; name = en; path = en.lproj/InfoPlist.strings; sourceTree = "<group>"; };
		C274472C19624F630069D1C2 /* main.m */ = {isa = PBXFileReference; lastKnownFileType = sourcecode.c.objc; path = main.m; sourceTree = "<group>"; };
		C274472E19624F630069D1C2 /* Constraints-Prefix.pch */ = {isa = PBXFileReference; lastKnownFileType = sourcecode.c.h; path = "Constraints-Prefix.pch"; sourceTree = "<group>"; };
		C274472F19624F630069D1C2 /* AppDelegate.h */ = {isa = PBXFileReference; lastKnownFileType = sourcecode.c.h; path = AppDelegate.h; sourceTree = "<group>"; };
		C274473019624F630069D1C2 /* AppDelegate.m */ = {isa = PBXFileReference; lastKnownFileType = sourcecode.c.objc; path = AppDelegate.m; sourceTree = "<group>"; };
		C274473319624F630069D1C2 /* Base */ = {isa = PBXFileReference; lastKnownFileType = file.storyboard; name = Base; path = Base.lproj/Main.storyboard; sourceTree = "<group>"; };
		C274473519624F640069D1C2 /* ViewController.h */ = {isa = PBXFileReference; lastKnownFileType = sourcecode.c.h; path = ViewController.h; sourceTree = "<group>"; };
		C274473619624F640069D1C2 /* ViewController.m */ = {isa = PBXFileReference; lastKnownFileType = sourcecode.c.objc; path = ViewController.m; sourceTree = "<group>"; };
		C274473819624F640069D1C2 /* Images.xcassets */ = {isa = PBXFileReference; lastKnownFileType = folder.assetcatalog; path = Images.xcassets; sourceTree = "<group>"; };
		C274473E19624F640069D1C2 /* ConstraintsTests.xctest */ = {isa = PBXFileReference; explicitFileType = wrapper.cfbundle; includeInIndex = 0; path = ConstraintsTests.xctest; sourceTree = BUILT_PRODUCTS_DIR; };
		C274473F19624F640069D1C2 /* XCTest.framework */ = {isa = PBXFileReference; lastKnownFileType = wrapper.framework; name = XCTest.framework; path = Library/Frameworks/XCTest.framework; sourceTree = DEVELOPER_DIR; };
		C274474719624F640069D1C2 /* ConstraintsTests-Info.plist */ = {isa = PBXFileReference; lastKnownFileType = text.plist.xml; path = "ConstraintsTests-Info.plist"; sourceTree = "<group>"; };
		C274474919624F640069D1C2 /* en */ = {isa = PBXFileReference; lastKnownFileType = text.plist.strings; name = en; path = en.lproj/InfoPlist.strings; sourceTree = "<group>"; };
		C274474B19624F640069D1C2 /* ConstraintsTests.m */ = {isa = PBXFileReference; lastKnownFileType = sourcecode.c.objc; path = ConstraintsTests.m; sourceTree = "<group>"; };
/* End PBXFileReference section */

/* Begin PBXFrameworksBuildPhase section */
		C274471A19624F630069D1C2 /* Frameworks */ = {
			isa = PBXFrameworksBuildPhase;
			buildActionMask = 2147483647;
			files = (
				C274472319624F630069D1C2 /* CoreGraphics.framework in Frameworks */,
				C274472519624F630069D1C2 /* UIKit.framework in Frameworks */,
				C274472119624F630069D1C2 /* Foundation.framework in Frameworks */,
			);
			runOnlyForDeploymentPostprocessing = 0;
		};
		C274473B19624F640069D1C2 /* Frameworks */ = {
			isa = PBXFrameworksBuildPhase;
			buildActionMask = 2147483647;
			files = (
				C274474019624F640069D1C2 /* XCTest.framework in Frameworks */,
				C274474219624F640069D1C2 /* UIKit.framework in Frameworks */,
				C274474119624F640069D1C2 /* Foundation.framework in Frameworks */,
			);
			runOnlyForDeploymentPostprocessing = 0;
		};
/* End PBXFrameworksBuildPhase section */

/* Begin PBXGroup section */
		C274471419624F630069D1C2 = {
			isa = PBXGroup;
			children = (
				C274472619624F630069D1C2 /* Constraints */,
				C274474519624F640069D1C2 /* ConstraintsTests */,
				C274471F19624F630069D1C2 /* Frameworks */,
				C274471E19624F630069D1C2 /* Products */,
			);
			sourceTree = "<group>";
		};
		C274471E19624F630069D1C2 /* Products */ = {
			isa = PBXGroup;
			children = (
				C274471D19624F630069D1C2 /* Constraints.app */,
				C274473E19624F640069D1C2 /* ConstraintsTests.xctest */,
			);
			name = Products;
			sourceTree = "<group>";
		};
		C274471F19624F630069D1C2 /* Frameworks */ = {
			isa = PBXGroup;
			children = (
				C274472019624F630069D1C2 /* Foundation.framework */,
				C274472219624F630069D1C2 /* CoreGraphics.framework */,
				C274472419624F630069D1C2 /* UIKit.framework */,
				C274473F19624F640069D1C2 /* XCTest.framework */,
			);
			name = Frameworks;
			sourceTree = "<group>";
		};
		C274472619624F630069D1C2 /* Constraints */ = {
			isa = PBXGroup;
			children = (
				C274472F19624F630069D1C2 /* AppDelegate.h */,
				C274473019624F630069D1C2 /* AppDelegate.m */,
				C274473219624F630069D1C2 /* Main.storyboard */,
				C274473519624F640069D1C2 /* ViewController.h */,
				C274473619624F640069D1C2 /* ViewController.m */,
				C274473819624F640069D1C2 /* Images.xcassets */,
				C274472719624F630069D1C2 /* Supporting Files */,
			);
			path = Constraints;
			sourceTree = "<group>";
		};
		C274472719624F630069D1C2 /* Supporting Files */ = {
			isa = PBXGroup;
			children = (
				C274472819624F630069D1C2 /* Constraints-Info.plist */,
				C274472919624F630069D1C2 /* InfoPlist.strings */,
				C274472C19624F630069D1C2 /* main.m */,
				C274472E19624F630069D1C2 /* Constraints-Prefix.pch */,
			);
			name = "Supporting Files";
			sourceTree = "<group>";
		};
		C274474519624F640069D1C2 /* ConstraintsTests */ = {
			isa = PBXGroup;
			children = (
				C274474B19624F640069D1C2 /* ConstraintsTests.m */,
				C274474619624F640069D1C2 /* Supporting Files */,
			);
			path = ConstraintsTests;
			sourceTree = "<group>";
		};
		C274474619624F640069D1C2 /* Supporting Files */ = {
			isa = PBXGroup;
			children = (
				C274474719624F640069D1C2 /* ConstraintsTests-Info.plist */,
				C274474819624F640069D1C2 /* InfoPlist.strings */,
			);
			name = "Supporting Files";
			sourceTree = "<group>";
		};
/* End PBXGroup section */

/* Begin PBXNativeTarget section */
		C274471C19624F630069D1C2 /* Constraints */ = {
			isa = PBXNativeTarget;
			buildConfigurationList = C274474F19624F640069D1C2 /* Build configuration list for PBXNativeTarget "Constraints" */;
			buildPhases = (
				C274471919624F630069D1C2 /* Sources */,
				C274471A19624F630069D1C2 /* Frameworks */,
				C274471B19624F630069D1C2 /* Resources */,
			);
			buildRules = (
			);
			dependencies = (
			);
			name = Constraints;
			productName = Constraints;
			productReference = C274471D19624F630069D1C2 /* Constraints.app */;
			productType = "com.apple.product-type.application";
		};
		C274473D19624F640069D1C2 /* ConstraintsTests */ = {
			isa = PBXNativeTarget;
			buildConfigurationList = C274475219624F640069D1C2 /* Build configuration list for PBXNativeTarget "ConstraintsTests" */;
			buildPhases = (
				C274473A19624F640069D1C2 /* Sources */,
				C274473B19624F640069D1C2 /* Frameworks */,
				C274473C19624F640069D1C2 /* Resources */,
			);
			buildRules = (
			);
			dependencies = (
				C274474419624F640069D1C2 /* PBXTargetDependency */,
			);
			name = ConstraintsTests;
			productName = ConstraintsTests;
			productReference = C274473E19624F640069D1C2 /* ConstraintsTests.xctest */;
			productType = "com.apple.product-type.bundle.unit-test";
		};
/* End PBXNativeTarget section */

/* Begin PBXProject section */
		C274471519624F630069D1C2 /* Project object */ = {
			isa = PBXProject;
			attributes = {
				LastUpgradeCheck = 0510;
				ORGANIZATIONNAME = Perrychen;
				TargetAttributes = {
					C274473D19624F640069D1C2 = {
						TestTargetID = C274471C19624F630069D1C2;
					};
				};
			};
			buildConfigurationList = C274471819624F630069D1C2 /* Build configuration list for PBXProject "Constraints" */;
			compatibilityVersion = "Xcode 3.2";
			developmentRegion = English;
			hasScannedForEncodings = 0;
			knownRegions = (
				en,
				Base,
			);
			mainGroup = C274471419624F630069D1C2;
			productRefGroup = C274471E19624F630069D1C2 /* Products */;
			projectDirPath = "";
			projectRoot = "";
			targets = (
				C274471C19624F630069D1C2 /* Constraints */,
				C274473D19624F640069D1C2 /* ConstraintsTests */,
			);
		};
/* End PBXProject section */

/* Begin PBXResourcesBuildPhase section */
		C274471B19624F630069D1C2 /* Resources */ = {
			isa = PBXResourcesBuildPhase;
			buildActionMask = 2147483647;
			files = (
				C274473919624F640069D1C2 /* Images.xcassets in Resources */,
				C274472B19624F630069D1C2 /* InfoPlist.strings in Resources */,
				C274473419624F630069D1C2 /* Main.storyboard in Resources */,
			);
			runOnlyForDeploymentPostprocessing = 0;
		};
		C274473C19624F640069D1C2 /* Resources */ = {
			isa = PBXResourcesBuildPhase;
			buildActionMask = 2147483647;
			files = (
				C274474A19624F640069D1C2 /* InfoPlist.strings in Resources */,
			);
			runOnlyForDeploymentPostprocessing = 0;
		};
/* End PBXResourcesBuildPhase section */

/* Begin PBXSourcesBuildPhase section */
		C274471919624F630069D1C2 /* Sources */ = {
			isa = PBXSourcesBuildPhase;
			buildActionMask = 2147483647;
			files = (
				C274473719624F640069D1C2 /* ViewController.m in Sources */,
				C274473119624F630069D1C2 /* AppDelegate.m in Sources */,
				C274472D19624F630069D1C2 /* main.m in Sources */,
			);
			runOnlyForDeploymentPostprocessing = 0;
		};
		C274473A19624F640069D1C2 /* Sources */ = {
			isa = PBXSourcesBuildPhase;
			buildActionMask = 2147483647;
			files = (
				C274474C19624F640069D1C2 /* ConstraintsTests.m in Sources */,
			);
			runOnlyForDeploymentPostprocessing = 0;
		};
/* End PBXSourcesBuildPhase section */

/* Begin PBXTargetDependency section */
		C274474419624F640069D1C2 /* PBXTargetDependency */ = {
			isa = PBXTargetDependency;
			target = C274471C19624F630069D1C2 /* Constraints */;
			targetProxy = C274474319624F640069D1C2 /* PBXContainerItemProxy */;
		};
/* End PBXTargetDependency section */

/* Begin PBXVariantGroup section */
		C274472919624F630069D1C2 /* InfoPlist.strings */ = {
			isa = PBXVariantGroup;
			children = (
				C274472A19624F630069D1C2 /* en */,
			);
			name = InfoPlist.strings;
			sourceTree = "<group>";
		};
		C274473219624F630069D1C2 /* Main.storyboard */ = {
			isa = PBXVariantGroup;
			children = (
				C274473319624F630069D1C2 /* Base */,
			);
			name = Main.storyboard;
			sourceTree = "<group>";
		};
		C274474819624F640069D1C2 /* InfoPlist.strings */ = {
			isa = PBXVariantGroup;
			children = (
				C274474919624F640069D1C2 /* en */,
			);
			name = InfoPlist.strings;
			sourceTree = "<group>";
		};
/* End PBXVariantGroup section */

/* Begin XCBuildConfiguration section */
		C274474D19624F640069D1C2 /* Debug */ = {
			isa = XCBuildConfiguration;
			buildSettings = {
				ALWAYS_SEARCH_USER_PATHS = NO;
				CLANG_CXX_LANGUAGE_STANDARD = "gnu++0x";
				CLANG_CXX_LIBRARY = "libc++";
				CLANG_ENABLE_MODULES = YES;
				CLANG_ENABLE_OBJC_ARC = YES;
				CLANG_WARN_BOOL_CONVERSION = YES;
				CLANG_WARN_CONSTANT_CONVERSION = YES;
				CLANG_WARN_DIRECT_OBJC_ISA_USAGE = YES_ERROR;
				CLANG_WARN_EMPTY_BODY = YES;
				CLANG_WARN_ENUM_CONVERSION = YES;
				CLANG_WARN_INT_CONVERSION = YES;
				CLANG_WARN_OBJC_ROOT_CLASS = YES_ERROR;
				CLANG_WARN__DUPLICATE_METHOD_MATCH = YES;
				"CODE_SIGN_IDENTITY[sdk=iphoneos*]" = "iPhone Developer";
				COPY_PHASE_STRIP = NO;
				GCC_C_LANGUAGE_STANDARD = gnu99;
				GCC_DYNAMIC_NO_PIC = NO;
				GCC_OPTIMIZATION_LEVEL = 0;
				GCC_PREPROCESSOR_DEFINITIONS = (
					"DEBUG=1",
					"$(inherited)",
				);
				GCC_SYMBOLS_PRIVATE_EXTERN = NO;
				GCC_WARN_64_TO_32_BIT_CONVERSION = YES;
				GCC_WARN_ABOUT_RETURN_TYPE = YES_ERROR;
				GCC_WARN_UNDECLARED_SELECTOR = YES;
				GCC_WARN_UNINITIALIZED_AUTOS = YES_AGGRESSIVE;
				GCC_WARN_UNUSED_FUNCTION = YES;
				GCC_WARN_UNUSED_VARIABLE = YES;
				IPHONEOS_DEPLOYMENT_TARGET = 7.1;
				ONLY_ACTIVE_ARCH = YES;
				SDKROOT = iphoneos;
			};
			name = Debug;
		};
		C274474E19624F640069D1C2 /* Release */ = {
			isa = XCBuildConfiguration;
			buildSettings = {
				ALWAYS_SEARCH_USER_PATHS = NO;
				CLANG_CXX_LANGUAGE_STANDARD = "gnu++0x";
				CLANG_CXX_LIBRARY = "libc++";
				CLANG_ENABLE_MODULES = YES;
				CLANG_ENABLE_OBJC_ARC = YES;
				CLANG_WARN_BOOL_CONVERSION = YES;
				CLANG_WARN_CONSTANT_CONVERSION = YES;
				CLANG_WARN_DIRECT_OBJC_ISA_USAGE = YES_ERROR;
				CLANG_WARN_EMPTY_BODY = YES;
				CLANG_WARN_ENUM_CONVERSION = YES;
				CLANG_WARN_INT_CONVERSION = YES;
				CLANG_WARN_OBJC_ROOT_CLASS = YES_ERROR;
				CLANG_WARN__DUPLICATE_METHOD_MATCH = YES;
				"CODE_SIGN_IDENTITY[sdk=iphoneos*]" = "iPhone Developer";
				COPY_PHASE_STRIP = YES;
				ENABLE_NS_ASSERTIONS = NO;
				GCC_C_LANGUAGE_STANDARD = gnu99;
				GCC_WARN_64_TO_32_BIT_CONVERSION = YES;
				GCC_WARN_ABOUT_RETURN_TYPE = YES_ERROR;
				GCC_WARN_UNDECLARED_SELECTOR = YES;
				GCC_WARN_UNINITIALIZED_AUTOS = YES_AGGRESSIVE;
				GCC_WARN_UNUSED_FUNCTION = YES;
				GCC_WARN_UNUSED_VARIABLE = YES;
				IPHONEOS_DEPLOYMENT_TARGET = 7.1;
				SDKROOT = iphoneos;
				VALIDATE_PRODUCT = YES;
			};
			name = Release;
		};
		C274475019624F640069D1C2 /* Debug */ = {
			isa = XCBuildConfiguration;
			buildSettings = {
				ASSETCATALOG_COMPILER_APPICON_NAME = AppIcon;
				ASSETCATALOG_COMPILER_LAUNCHIMAGE_NAME = LaunchImage;
				GCC_PRECOMPILE_PREFIX_HEADER = YES;
				GCC_PREFIX_HEADER = "Constraints/Constraints-Prefix.pch";
				INFOPLIST_FILE = "Constraints/Constraints-Info.plist";
				PRODUCT_NAME = "$(TARGET_NAME)";
				WRAPPER_EXTENSION = app;
			};
			name = Debug;
		};
		C274475119624F640069D1C2 /* Release */ = {
			isa = XCBuildConfiguration;
			buildSettings = {
				ASSETCATALOG_COMPILER_APPICON_NAME = AppIcon;
				ASSETCATALOG_COMPILER_LAUNCHIMAGE_NAME = LaunchImage;
				GCC_PRECOMPILE_PREFIX_HEADER = YES;
				GCC_PREFIX_HEADER = "Constraints/Constraints-Prefix.pch";
				INFOPLIST_FILE = "Constraints/Constraints-Info.plist";
				PRODUCT_NAME = "$(TARGET_NAME)";
				WRAPPER_EXTENSION = app;
			};
			name = Release;
		};
		C274475319624F640069D1C2 /* Debug */ = {
			isa = XCBuildConfiguration;
			buildSettings = {
				BUNDLE_LOADER = "$(BUILT_PRODUCTS_DIR)/Constraints.app/Constraints";
				FRAMEWORK_SEARCH_PATHS = (
					"$(SDKROOT)/Developer/Library/Frameworks",
					"$(inherited)",
					"$(DEVELOPER_FRAMEWORKS_DIR)",
				);
				GCC_PRECOMPILE_PREFIX_HEADER = YES;
				GCC_PREFIX_HEADER = "Constraints/Constraints-Prefix.pch";
				GCC_PREPROCESSOR_DEFINITIONS = (
					"DEBUG=1",
					"$(inherited)",
				);
				INFOPLIST_FILE = "ConstraintsTests/ConstraintsTests-Info.plist";
				PRODUCT_NAME = "$(TARGET_NAME)";
				TEST_HOST = "$(BUNDLE_LOADER)";
				WRAPPER_EXTENSION = xctest;
			};
			name = Debug;
		};
		C274475419624F640069D1C2 /* Release */ = {
			isa = XCBuildConfiguration;
			buildSettings = {
				BUNDLE_LOADER = "$(BUILT_PRODUCTS_DIR)/Constraints.app/Constraints";
				FRAMEWORK_SEARCH_PATHS = (
					"$(SDKROOT)/Developer/Library/Frameworks",
					"$(inherited)",
					"$(DEVELOPER_FRAMEWORKS_DIR)",
				);
				GCC_PRECOMPILE_PREFIX_HEADER = YES;
				GCC_PREFIX_HEADER = "Constraints/Constraints-Prefix.pch";
				INFOPLIST_FILE = "ConstraintsTests/ConstraintsTests-Info.plist";
				PRODUCT_NAME = "$(TARGET_NAME)";
				TEST_HOST = "$(BUNDLE_LOADER)";
				WRAPPER_EXTENSION = xctest;
			};
			name = Release;
		};
/* End XCBuildConfiguration section */

/* Begin XCConfigurationList section */
		C274471819624F630069D1C2 /* Build configuration list for PBXProject "Constraints" */ = {
			isa = XCConfigurationList;
			buildConfigurations = (
				C274474D19624F640069D1C2 /* Debug */,
				C274474E19624F640069D1C2 /* Release */,
			);
			defaultConfigurationIsVisible = 0;
			defaultConfigurationName = Release;
		};
		C274474F19624F640069D1C2 /* Build configuration list for PBXNativeTarget "Constraints" */ = {
			isa = XCConfigurationList;
			buildConfigurations = (
				C274475019624F640069D1C2 /* Debug */,
				C274475119624F640069D1C2 /* Release */,
			);
			defaultConfigurationIsVisible = 0;
		};
		C274475219624F640069D1C2 /* Build configuration list for PBXNativeTarget "ConstraintsTests" */ = {
			isa = XCConfigurationList;
			buildConfigurations = (
				C274475319624F640069D1C2 /* Debug */,
				C274475419624F640069D1C2 /* Release */,
			);
			defaultConfigurationIsVisible = 0;
		};
/* End XCConfigurationList section */
	};
	rootObject = C274471519624F630069D1C2 /* Project object */;
}
